
Microsoft Visual Studio Solution File, Format Version 12.00
# Visual Studio Version 17
VisualStudioVersion = 17.2.32519.379
MinimumVisualStudioVersion = 10.0.40219.1
Project("{9A19103F-16F7-4668-BE54-9A1E7A4F7556}") = "NLog.Targets.MQTT", "NLog.Targets.MQTT\NLog.Targets.MQTT.csproj", "{34A00D4A-9A62-4F8A-9CCA-18CB5AD1AA8D}"
EndProject
Project("{9A19103F-16F7-4668-BE54-9A1E7A4F7556}") = "NLog.Demo", "NLog.Demo\NLog.Demo.csproj", "{9FA82180-563B-4392-A3B9-7C73F0119012}"
EndProject
Global
	GlobalSection(SolutionConfigurationPlatforms) = preSolution
		Debug|Any CPU = Debug|Any CPU
		Release|Any CPU = Release|Any CPU
	EndGlobalSection
	GlobalSection(ProjectConfigurationPlatforms) = postSolution
		{34A00D4A-9A62-4F8A-9CCA-18CB5AD1AA8D}.Debug|Any CPU.ActiveCfg = Debug|Any CPU
		{34A00D4A-9A62-4F8A-9CCA-18CB5AD1AA8D}.Debug|Any CPU.Build.0 = Debug|Any CPU
		{34A00D4A-9A62-4F8A-9CCA-18CB5AD1AA8D}.Release|Any CPU.ActiveCfg = Release|Any CPU
		{34A00D4A-9A62-4F8A-9CCA-18CB5AD1AA8D}.Release|Any CPU.Build.0 = Release|Any CPU
		{9FA82180-563B-4392-A3B9-7C73F0119012}.Debug|Any CPU.ActiveCfg = Debug|Any CPU
		{9FA82180-563B-4392-A3B9-7C73F0119012}.Debug|Any CPU.Build.0 = Debug|Any CPU
		{9FA82180-563B-4392-A3B9-7C73F0119012}.Release|Any CPU.ActiveCfg = Release|Any CPU
		{9FA82180-563B-4392-A3B9-7C73F0119012}.Release|Any CPU.Build.0 = Release|Any CPU
	EndGlobalSection
	GlobalSection(SolutionProperties) = preSolution
		HideSolutionNode = FALSE
	EndGlobalSection
	GlobalSection(ExtensibilityGlobals) = postSolution
		SolutionGuid = {C1C333CC-0594-4C1F-963C-E4F0DBD263ED}
	EndGlobalSection
EndGlobal
